# This file is automatically @generated by Cargo.
# It is not intended for manual editing.
[[package]]
name = "autocfg"
version = "1.0.0"
source = "registry+https://github.com/rust-lang/crates.io-index"
checksum = "f8aac770f1885fd7e387acedd76065302551364496e46b3dd00860b2f8359b9d"

[[package]]
name = "cfg-if"
version = "0.1.10"
source = "registry+https://github.com/rust-lang/crates.io-index"
checksum = "4785bdd1c96b2a846b2bd7cc02e86b6b3dbf14e7e53446c4f54c92a361040822"

[[package]]
name = "crossbeam-deque"
version = "0.7.3"
source = "registry+https://github.com/rust-lang/crates.io-index"
checksum = "9f02af974daeee82218205558e51ec8768b48cf524bd01d550abe5573a608285"
dependencies = [
 "crossbeam-epoch",
 "crossbeam-utils",
 "maybe-uninit",
]

[[package]]
name = "crossbeam-epoch"
version = "0.8.2"
source = "registry+https://github.com/rust-lang/crates.io-index"
checksum = "058ed274caafc1f60c4997b5fc07bf7dc7cca454af7c6e81edffe5f33f70dace"
dependencies = [
 "autocfg",
 "cfg-if",
 "crossbeam-utils",
 "lazy_static",
 "maybe-uninit",
 "memoffset",
 "scopeguard",
]

[[package]]
name = "crossbeam-queue"
version = "0.2.1"
source = "registry+https://github.com/rust-lang/crates.io-index"
checksum = "c695eeca1e7173472a32221542ae469b3e9aac3a4fc81f7696bcad82029493db"
dependencies = [
 "cfg-if",
 "crossbeam-utils",
]

[[package]]
name = "crossbeam-utils"
version = "0.7.2"
source = "registry+https://github.com/rust-lang/crates.io-index"
checksum = "c3c7c73a2d1e9fc0886a08b93e98eb643461230d5f1925e4036204d5f2e261a8"
dependencies = [
 "autocfg",
 "cfg-if",
 "lazy_static",
]

[[package]]
name = "crossterm"
version = "0.8.2"
source = "registry+https://github.com/rust-lang/crates.io-index"
checksum = "55a717305d2b8a02ee130be03114d8f9dde047121933e3a9bc8a8d8637becb8e"
dependencies = [
 "crossterm_cursor",
 "crossterm_input",
 "crossterm_screen",
 "crossterm_style",
 "crossterm_terminal",
 "crossterm_utils",
]

[[package]]
name = "crossterm_cursor"
version = "0.1.0"
source = "registry+https://github.com/rust-lang/crates.io-index"
checksum = "e91c25e521708bd85fbdbdc34a854d1582793ab36e9aff2cee58fc79d7728e82"
dependencies = [
 "crossterm_utils",
 "crossterm_winapi",
 "winapi",
]

[[package]]
name = "crossterm_input"
version = "0.2.1"
source = "registry+https://github.com/rust-lang/crates.io-index"
checksum = "f68adc40b47caf472ae9db8ec24962cf0ce65d43495984edbbb93acd7df76f32"
dependencies = [
 "crossterm_screen",
 "crossterm_utils",
 "crossterm_winapi",
 "libc",
 "winapi",
]

[[package]]
name = "crossterm_screen"
version = "0.1.0"
source = "registry+https://github.com/rust-lang/crates.io-index"
checksum = "48eb1d3e7c5fea9b5a15c8667cb18b8c8fdfb28e38cd8faa048b9b7490cd9f69"
dependencies = [
 "crossterm_utils",
 "crossterm_winapi",
 "winapi",
]

[[package]]
name = "crossterm_style"
version = "0.2.0"
source = "registry+https://github.com/rust-lang/crates.io-index"
checksum = "00356047d50f19467f14caaaa4cde2112fc875e9cbe9e642a2ff34ca73ff30ed"
dependencies = [
 "crossterm_utils",
 "crossterm_winapi",
 "winapi",
]

[[package]]
name = "crossterm_terminal"
version = "0.1.0"
source = "registry+https://github.com/rust-lang/crates.io-index"
checksum = "f1b61af4ef3ed3624994e8af7ac87b6a483c2936e63eebe38d9a2810cd4a6d44"
dependencies = [
 "crossterm_cursor",
 "crossterm_utils",
 "crossterm_winapi",
 "libc",
]

[[package]]
name = "crossterm_utils"
version = "0.1.0"
source = "registry+https://github.com/rust-lang/crates.io-index"
checksum = "d26f24386ea91f9c55a85531dd3ee3673e4c82729e64567928665aca3a47c741"
dependencies = [
 "crossterm_winapi",
 "libc",
 "termios",
 "winapi",
]

[[package]]
name = "crossterm_winapi"
version = "0.1.5"
source = "registry+https://github.com/rust-lang/crates.io-index"
checksum = "b055e7cc627c452e6a9b977022f48a2db6f0ff73df446ca970f95eef9c381d45"
dependencies = [
 "winapi",
]

[[package]]
name = "doc-comment"
version = "0.3.3"
source = "registry+https://github.com/rust-lang/crates.io-index"
checksum = "fea41bba32d969b513997752735605054bc0dfa92b4c56bf1189f2e174be7a10"

[[package]]
name = "dont_disappear"
version = "3.0.1"
source = "registry+https://github.com/rust-lang/crates.io-index"
checksum = "80d2bb055933f31663051eae74e575723174944199baa8d1817a8d08e9ffc1b6"
dependencies = [
 "crossterm",
]

[[package]]
name = "either"
version = "1.5.3"
source = "registry+https://github.com/rust-lang/crates.io-index"
checksum = "bb1f6b1ce1c140482ea30ddd3335fc0024ac7ee112895426e0a629a6c20adfe3"

[[package]]
name = "hermit-abi"
version = "0.1.12"
source = "registry+https://github.com/rust-lang/crates.io-index"
checksum = "61565ff7aaace3525556587bd2dc31d4a07071957be715e63ce7b1eccf51a8f4"
dependencies = [
 "libc",
]

[[package]]
name = "lazy_static"
version = "1.4.0"
source = "registry+https://github.com/rust-lang/crates.io-index"
checksum = "e2abad23fbc42b3700f2f279844dc832adb2b2eb069b2df918f455c4e18cc646"

[[package]]
name = "libc"
version = "0.2.69"
source = "registry+https://github.com/rust-lang/crates.io-index"
checksum = "99e85c08494b21a9054e7fe1374a732aeadaff3980b6990b94bfd3a70f690005"

[[package]]
name = "maybe-uninit"
version = "2.0.0"
source = "registry+https://github.com/rust-lang/crates.io-index"
checksum = "60302e4db3a61da70c0cb7991976248362f30319e88850c487b9b95bbf059e00"

[[package]]
name = "memoffset"
version = "0.5.4"
source = "registry+https://github.com/rust-lang/crates.io-index"
checksum = "b4fc2c02a7e374099d4ee95a193111f72d2110197fe200272371758f6c3643d8"
dependencies = [
 "autocfg",
]

[[package]]
name = "memory-rs"
version = "0.1.0"
dependencies = [
 "winapi",
]

[[package]]
name = "ntapi"
version = "0.3.4"
source = "registry+https://github.com/rust-lang/crates.io-index"
checksum = "7a31937dea023539c72ddae0e3571deadc1414b300483fa7aaec176168cfa9d2"
dependencies = [
 "winapi",
]

[[package]]
name = "num_cpus"
version = "1.13.0"
source = "registry+https://github.com/rust-lang/crates.io-index"
checksum = "05499f3756671c15885fee9034446956fff3f243d6077b91e5767df161f766b3"
dependencies = [
 "hermit-abi",
 "libc",
]

[[package]]
name = "once_cell"
version = "1.3.1"
source = "registry+https://github.com/rust-lang/crates.io-index"
checksum = "b1c601810575c99596d4afc46f78a678c80105117c379eb3650cf99b8a21ce5b"

[[package]]
name = "rakuza"
version = "0.1.0"
dependencies = [
 "dont_disappear",
 "memory-rs",
 "sysinfo",
 "winapi",
 "winres",
]

[[package]]
name = "rayon"
version = "1.3.0"
source = "registry+https://github.com/rust-lang/crates.io-index"
checksum = "db6ce3297f9c85e16621bb8cca38a06779ffc31bb8184e1be4bed2be4678a098"
dependencies = [
 "crossbeam-deque",
 "either",
 "rayon-core",
]

[[package]]
name = "rayon-core"
version = "1.7.0"
source = "registry+https://github.com/rust-lang/crates.io-index"
checksum = "08a89b46efaf957e52b18062fb2f4660f8b8a4dde1807ca002690868ef2c85a9"
dependencies = [
 "crossbeam-deque",
 "crossbeam-queue",
 "crossbeam-utils",
 "lazy_static",
 "num_cpus",
]

[[package]]
name = "scopeguard"
version = "1.1.0"
source = "registry+https://github.com/rust-lang/crates.io-index"
checksum = "d29ab0c6d3fc0ee92fe66e2d99f700eab17a8d57d1c1d3b748380fb20baa78cd"

[[package]]
name = "serde"
version = "1.0.106"
source = "registry+https://github.com/rust-lang/crates.io-index"
checksum = "36df6ac6412072f67cf767ebbde4133a5b2e88e76dc6187fa7104cd16f783399"

[[package]]
name = "sysinfo"
version = "0.14.1"
source = "registry+https://github.com/rust-lang/crates.io-index"
checksum = "d070254b7172eee9eb3990bea8f72aeabfe1226c40bf71a52e4fe75777812e9a"
dependencies = [
 "cfg-if",
 "doc-comment",
 "libc",
 "ntapi",
 "once_cell",
 "rayon",
 "winapi",
]

[[package]]
name = "termios"
version = "0.3.2"
source = "registry+https://github.com/rust-lang/crates.io-index"
checksum = "6f0fcee7b24a25675de40d5bb4de6e41b0df07bc9856295e7e2b3a3600c400c2"
dependencies = [
 "libc",
]

[[package]]
name = "toml"
version = "0.5.6"
source = "registry+https://github.com/rust-lang/crates.io-index"
checksum = "ffc92d160b1eef40665be3a05630d003936a3bc7da7421277846c2613e92c71a"
dependencies = [
 "serde",
]

[[package]]
name = "winapi"
version = "0.3.8"
source = "registry+https://github.com/rust-lang/crates.io-index"
checksum = "8093091eeb260906a183e6ae1abdba2ef5ef2257a21801128899c3fc699229c6"
dependencies = [
 "winapi-i686-pc-windows-gnu",
 "winapi-x86_64-pc-windows-gnu",
]

[[package]]
name = "winapi-i686-pc-windows-gnu"
version = "0.4.0"
source = "registry+https://github.com/rust-lang/crates.io-index"
checksum = "ac3b87c63620426dd9b991e5ce0329eff545bccbbb34f3be09ff6fb6ab51b7b6"

[[package]]
name = "winapi-x86_64-pc-windows-gnu"
version = "0.4.0"
source = "registry+https://github.com/rust-lang/crates.io-index"
checksum = "712e227841d057c1ee1cd2fb22fa7e5a5461ae8e48fa2ca79ec42cfc1931183f"

[[package]]
name = "winres"
version = "0.1.11"
source = "registry+https://github.com/rust-lang/crates.io-index"
checksum = "ff4fb510bbfe5b8992ff15f77a2e6fe6cf062878f0eda00c0f44963a807ca5dc"
dependencies = [
 "toml",
]
